<?xml version="1.0" encoding="utf-8"?>
<Project ToolsVersion="4.0" xmlns="http://schemas.microsoft.com/developer/msbuild/2003">
  <ItemGroup>
    <Filter Include="Source Files">
      <UniqueIdentifier>{4FC737F1-C7A5-4376-A066-2A32D752A2FF}</UniqueIdentifier>
      <Extensions>qml;cpp;c;cc;cxx;def;odl;idl;hpj;bat;asm;asmx</Extensions>
    </Filter>
    <Filter Include="Header Files">
      <UniqueIdentifier>{93995380-89BD-4b04-88EB-625FBE52EBFB}</UniqueIdentifier>
      <Extensions>h;hh;hpp;hxx;hm;inl;inc;xsd</Extensions>
    </Filter>
    <Filter Include="Resource Files">
      <UniqueIdentifier>{67DA6AB6-F800-4c08-8B7A-83BB121AAD01}</UniqueIdentifier>
      <Extensions>qrc;rc;ico;cur;bmp;dlg;rc2;rct;bin;rgs;gif;jpg;jpeg;jpe;resx;tiff;tif;png;wav;mfcribbon-ms</Extensions>
    </Filter>
    <Filter Include="Translation Files">
      <UniqueIdentifier>{639EADAA-A684-42e4-A9AD-28FC9BCB8F7C}</UniqueIdentifier>
      <Extensions>ts</Extensions>
    </Filter>
    <Filter Include="UI">
      <UniqueIdentifier>{99349809-55BA-4b9d-BF79-8FDBB0286EB3}</UniqueIdentifier>
      <Extensions>ui</Extensions>
    </Filter>
    <Filter Include="Header Files\Models">
      <UniqueIdentifier>{d0f03e45-6c26-4a5c-910d-4114d7e08430}</UniqueIdentifier>
    </Filter>
    <Filter Include="Header Files\Views">
      <UniqueIdentifier>{422ceda4-1b79-4a5b-9136-60a8d10cd150}</UniqueIdentifier>
    </Filter>
    <Filter Include="Header Files\Presenters">
      <UniqueIdentifier>{26d0a35b-e2ee-4fd5-bdb0-e7ff7c392407}</UniqueIdentifier>
    </Filter>
    <Filter Include="Source Files\Models">
      <UniqueIdentifier>{9329c046-0194-4039-9b54-cff985a40411}</UniqueIdentifier>
    </Filter>
    <Filter Include="Source Files\Views">
      <UniqueIdentifier>{50d4b018-df90-4f61-8e07-8f770888aaf4}</UniqueIdentifier>
    </Filter>
    <Filter Include="Source Files\Presenters">
      <UniqueIdentifier>{ba4a9055-35b5-4163-83d9-f202b134b4c7}</UniqueIdentifier>
    </Filter>
    <Filter Include="Header Files\Utilities">
      <UniqueIdentifier>{543246b6-8360-432b-95ac-baa09c2bd2bd}</UniqueIdentifier>
    </Filter>
    <Filter Include="Source Files\Utilities">
      <UniqueIdentifier>{02ebf394-c2cc-4fd8-928e-9c8b82b52a71}</UniqueIdentifier>
    </Filter>
  </ItemGroup>
  <ItemGroup>
    <QtRcc Include="TaskFlow.qrc">
      <Filter>Resource Files</Filter>
    </QtRcc>
    <QtUic Include="TaskFlow.ui">
      <Filter>UI</Filter>
    </QtUic>
    <None Include="TaskFlow.ico">
      <Filter>Resource Files</Filter>
    </None>
    <ResourceCompile Include="TaskFlow.rc">
      <Filter>Resource Files</Filter>
    </ResourceCompile>
  </ItemGroup>
  <ItemGroup>
    <QtUic Include="TestWidget.ui">
      <Filter>UI</Filter>
    </QtUic>
  </ItemGroup>
  <ItemGroup>
    <ClCompile Include="src\utilities\ThemeManager.cpp">
      <Filter>Source Files\Utilities</Filter>
    </ClCompile>
    <ClCompile Include="src\views\CategoryListView.cpp">
      <Filter>Source Files\Views</Filter>
    </ClCompile>
    <ClCompile Include="src\models\DataManager.cpp">
      <Filter>Source Files\Models</Filter>
    </ClCompile>
    <ClCompile Include="src\views\TaskFlowView.cpp">
      <Filter>Source Files\Views</Filter>
    </ClCompile>
    <ClCompile Include="src\presenters\TaskFlowPresenter.cpp">
      <Filter>Source Files\Presenters</Filter>
    </ClCompile>
    <ClCompile Include="src\views\TestWidgetView.cpp">
      <Filter>Source Files\Views</Filter>
    </ClCompile>
    <ClCompile Include="main.cpp">
      <Filter>Source Files</Filter>
    </ClCompile>
  </ItemGroup>
  <ItemGroup>
    <ClInclude Include="src\utilities\ThemeManager.h">
      <Filter>Header Files\Utilities</Filter>
    </ClInclude>
  </ItemGroup>
  <ItemGroup>
    <QtMoc Include="src\views\CategoryListView.h">
      <Filter>Header Files\Views</Filter>
    </QtMoc>
    <QtMoc Include="src\views\TaskFlowView.h">
      <Filter>Header Files\Views</Filter>
    </QtMoc>
    <QtMoc Include="src\views\TestWidgetView.h">
      <Filter>Header Files\Views</Filter>
    </QtMoc>
    <QtMoc Include="src\models\DataManager.h">
      <Filter>Header Files\Models</Filter>
    </QtMoc>
    <QtMoc Include="src\presenters\TaskFlowPresenter.h">
      <Filter>Header Files\Presenters</Filter>
    </QtMoc>
  </ItemGroup>
</Project>